
Microsoft Visual Studio Solution File, Format Version 12.00
# Visual Studio 2013
VisualStudioVersion = 12.0.30324.0
MinimumVisualStudioVersion = 10.0.40219.1
Project("{FAE04EC0-301F-11D3-BF4B-00C04F79EFBC}") = "DropDownList", "DropDownList\DropDownList.csproj", "{7B8160AA-109C-45F4-876F-3670D1BBAE72}"
EndProject
Project("{FAE04EC0-301F-11D3-BF4B-00C04F79EFBC}") = "Controls", "Controls\Controls.csproj", "{FA149033-54E5-4E06-B0C5-F46AB1A0FC89}"
EndProject
Global
	GlobalSection(SolutionConfigurationPlatforms) = preSolution
		Debug|Any CPU = Debug|Any CPU
		Release|Any CPU = Release|Any CPU
	EndGlobalSection
	GlobalSection(ProjectConfigurationPlatforms) = postSolution
		{7B8160AA-109C-45F4-876F-3670D1BBAE72}.Debug|Any CPU.ActiveCfg = Debug|Any CPU
		{7B8160AA-109C-45F4-876F-3670D1BBAE72}.Debug|Any CPU.Build.0 = Debug|Any CPU
		{7B8160AA-109C-45F4-876F-3670D1BBAE72}.Release|Any CPU.ActiveCfg = Release|Any CPU
		{7B8160AA-109C-45F4-876F-3670D1BBAE72}.Release|Any CPU.Build.0 = Release|Any CPU
		{FA149033-54E5-4E06-B0C5-F46AB1A0FC89}.Debug|Any CPU.ActiveCfg = Debug|Any CPU
		{FA149033-54E5-4E06-B0C5-F46AB1A0FC89}.Debug|Any CPU.Build.0 = Debug|Any CPU
		{FA149033-54E5-4E06-B0C5-F46AB1A0FC89}.Release|Any CPU.ActiveCfg = Release|Any CPU
		{FA149033-54E5-4E06-B0C5-F46AB1A0FC89}.Release|Any CPU.Build.0 = Release|Any CPU
	EndGlobalSection
	GlobalSection(SolutionProperties) = preSolution
		HideSolutionNode = FALSE
	EndGlobalSection
EndGlobal
